// !$*UTF8*$!
{
	archiveVersion = 1;
	classes = {
	};
	objectVersion = 50;
	objects = {

/* Begin PBXBuildFile section */
		3107496620AD811200715C6C /* AppDelegate.m in Sources */ = {isa = PBXBuildFile; fileRef = 3107496520AD811200715C6C /* AppDelegate.m */; };
		3107496920AD811200715C6C /* ViewController.m in Sources */ = {isa = PBXBuildFile; fileRef = 3107496820AD811200715C6C /* ViewController.m */; };
		3107496C20AD811200715C6C /* Main.storyboard in Resources */ = {isa = PBXBuildFile; fileRef = 3107496A20AD811200715C6C /* Main.storyboard */; };
		3107496E20AD812F00715C6C /* Assets.xcassets in Resources */ = {isa = PBXBuildFile; fileRef = 3107496D20AD812F00715C6C /* Assets.xcassets */; };
		3107497120AD812F00715C6C /* LaunchScreen.storyboard in Resources */ = {isa = PBXBuildFile; fileRef = 3107496F20AD812F00715C6C /* LaunchScreen.storyboard */; };
		3107497420AD812F00715C6C /* main.m in Sources */ = {isa = PBXBuildFile; fileRef = 3107497320AD812F00715C6C /* main.m */; };
		3107497E20AD813000715C6C /* collectionViewTests.m in Sources */ = {isa = PBXBuildFile; fileRef = 3107497D20AD813000715C6C /* collectionViewTests.m */; };
		3107498920AD813000715C6C /* collectionViewUITests.m in Sources */ = {isa = PBXBuildFile; fileRef = 3107498820AD813000715C6C /* collectionViewUITests.m */; };
/* End PBXBuildFile section */

/* Begin PBXContainerItemProxy section */
		3107497A20AD813000715C6C /* PBXContainerItemProxy */ = {
			isa = PBXContainerItemProxy;
			containerPortal = 3107495920AD811100715C6C /* Project object */;
			proxyType = 1;
			remoteGlobalIDString = 3107496020AD811100715C6C;
			remoteInfo = collectionView;
		};
		3107498520AD813000715C6C /* PBXContainerItemProxy */ = {
			isa = PBXContainerItemProxy;
			containerPortal = 3107495920AD811100715C6C /* Project object */;
			proxyType = 1;
			remoteGlobalIDString = 3107496020AD811100715C6C;
			remoteInfo = collectionView;
		};
/* End PBXContainerItemProxy section */

/* Begin PBXFileReference section */
		3107496120AD811100715C6C /* collectionView.app */ = {isa = PBXFileReference; explicitFileType = wrapper.application; includeInIndex = 0; path = collectionView.app; sourceTree = BUILT_PRODUCTS_DIR; };
		3107496420AD811200715C6C /* AppDelegate.h */ = {isa = PBXFileReference; lastKnownFileType = sourcecode.c.h; path = AppDelegate.h; sourceTree = "<group>"; };
		3107496520AD811200715C6C /* AppDelegate.m */ = {isa = PBXFileReference; lastKnownFileType = sourcecode.c.objc; path = AppDelegate.m; sourceTree = "<group>"; };
		3107496720AD811200715C6C /* ViewController.h */ = {isa = PBXFileReference; lastKnownFileType = sourcecode.c.h; path = ViewController.h; sourceTree = "<group>"; };
		3107496820AD811200715C6C /* ViewController.m */ = {isa = PBXFileReference; lastKnownFileType = sourcecode.c.objc; path = ViewController.m; sourceTree = "<group>"; };
		3107496B20AD811200715C6C /* Base */ = {isa = PBXFileReference; lastKnownFileType = file.storyboard; name = Base; path = Base.lproj/Main.storyboard; sourceTree = "<group>"; };
		3107496D20AD812F00715C6C /* Assets.xcassets */ = {isa = PBXFileReference; lastKnownFileType = folder.assetcatalog; path = Assets.xcassets; sourceTree = "<group>"; };
		3107497020AD812F00715C6C /* Base */ = {isa = PBXFileReference; lastKnownFileType = file.storyboard; name = Base; path = Base.lproj/LaunchScreen.storyboard; sourceTree = "<group>"; };
		3107497220AD812F00715C6C /* Info.plist */ = {isa = PBXFileReference; lastKnownFileType = text.plist.xml; path = Info.plist; sourceTree = "<group>"; };
		3107497320AD812F00715C6C /* main.m */ = {isa = PBXFileReference; lastKnownFileType = sourcecode.c.objc; path = main.m; sourceTree = "<group>"; };
		3107497920AD813000715C6C /* collectionViewTests.xctest */ = {isa = PBXFileReference; explicitFileType = wrapper.cfbundle; includeInIndex = 0; path = collectionViewTests.xctest; sourceTree = BUILT_PRODUCTS_DIR; };
		3107497D20AD813000715C6C /* collectionViewTests.m */ = {isa = PBXFileReference; lastKnownFileType = sourcecode.c.objc; path = collectionViewTests.m; sourceTree = "<group>"; };
		3107497F20AD813000715C6C /* Info.plist */ = {isa = PBXFileReference; lastKnownFileType = text.plist.xml; path = Info.plist; sourceTree = "<group>"; };
		3107498420AD813000715C6C /* collectionViewUITests.xctest */ = {isa = PBXFileReference; explicitFileType = wrapper.cfbundle; includeInIndex = 0; path = collectionViewUITests.xctest; sourceTree = BUILT_PRODUCTS_DIR; };
		3107498820AD813000715C6C /* collectionViewUITests.m */ = {isa = PBXFileReference; lastKnownFileType = sourcecode.c.objc; path = collectionViewUITests.m; sourceTree = "<group>"; };
		3107498A20AD813000715C6C /* Info.plist */ = {isa = PBXFileReference; lastKnownFileType = text.plist.xml; path = Info.plist; sourceTree = "<group>"; };
/* End PBXFileReference section */

/* Begin PBXFrameworksBuildPhase section */
		3107495E20AD811100715C6C /* Frameworks */ = {
			isa = PBXFrameworksBuildPhase;
			buildActionMask = 2147483647;
			files = (
			);
			runOnlyForDeploymentPostprocessing = 0;
		};
		3107497620AD813000715C6C /* Frameworks */ = {
			isa = PBXFrameworksBuildPhase;
			buildActionMask = 2147483647;
			files = (
			);
			runOnlyForDeploymentPostprocessing = 0;
		};
		3107498120AD813000715C6C /* Frameworks */ = {
			isa = PBXFrameworksBuildPhase;
			buildActionMask = 2147483647;
			files = (
			);
			runOnlyForDeploymentPostprocessing = 0;
		};
/* End PBXFrameworksBuildPhase section */

/* Begin PBXGroup section */
		3107495820AD811100715C6C = {
			isa = PBXGroup;
			children = (
				3107496320AD811100715C6C /* collectionView */,
				3107497C20AD813000715C6C /* collectionViewTests */,
				3107498720AD813000715C6C /* collectionViewUITests */,
				3107496220AD811100715C6C /* Products */,
			);
			sourceTree = "<group>";
		};
		3107496220AD811100715C6C /* Products */ = {
			isa = PBXGroup;
			children = (
				3107496120AD811100715C6C /* collectionView.app */,
				3107497920AD813000715C6C /* collectionViewTests.xctest */,
				3107498420AD813000715C6C /* collectionViewUITests.xctest */,
			);
			name = Products;
			sourceTree = "<group>";
		};
		3107496320AD811100715C6C /* collectionView */ = {
			isa = PBXGroup;
			children = (
				3107496420AD811200715C6C /* AppDelegate.h */,
				3107496520AD811200715C6C /* AppDelegate.m */,
				3107496720AD811200715C6C /* ViewController.h */,
				3107496820AD811200715C6C /* ViewController.m */,
				3107496A20AD811200715C6C /* Main.storyboard */,
				3107496D20AD812F00715C6C /* Assets.xcassets */,
				3107496F20AD812F00715C6C /* LaunchScreen.storyboard */,
				3107497220AD812F00715C6C /* Info.plist */,
				3107497320AD812F00715C6C /* main.m */,
			);
			path = collectionView;
			sourceTree = "<group>";
		};
		3107497C20AD813000715C6C /* collectionViewTests */ = {
			isa = PBXGroup;
			children = (
				3107497D20AD813000715C6C /* collectionViewTests.m */,
				3107497F20AD813000715C6C /* Info.plist */,
			);
			path = collectionViewTests;
			sourceTree = "<group>";
		};
		3107498720AD813000715C6C /* collectionViewUITests */ = {
			isa = PBXGroup;
			children = (
				3107498820AD813000715C6C /* collectionViewUITests.m */,
				3107498A20AD813000715C6C /* Info.plist */,
			);
			path = collectionViewUITests;
			sourceTree = "<group>";
		};
/* End PBXGroup section */

/* Begin PBXNativeTarget section */
		3107496020AD811100715C6C /* collectionView */ = {
			isa = PBXNativeTarget;
			buildConfigurationList = 3107498D20AD813000715C6C /* Build configuration list for PBXNativeTarget "collectionView" */;
			buildPhases = (
				3107495D20AD811100715C6C /* Sources */,
				3107495E20AD811100715C6C /* Frameworks */,
				3107495F20AD811100715C6C /* Resources */,
			);
			buildRules = (
			);
			dependencies = (
			);
			name = collectionView;
			productName = collectionView;
			productReference = 3107496120AD811100715C6C /* collectionView.app */;
			productType = "com.apple.product-type.application";
		};
		3107497820AD813000715C6C /* collectionViewTests */ = {
			isa = PBXNativeTarget;
			buildConfigurationList = 3107499020AD813000715C6C /* Build configuration list for PBXNativeTarget "collectionViewTests" */;
			buildPhases = (
				3107497520AD813000715C6C /* Sources */,
				3107497620AD813000715C6C /* Frameworks */,
				3107497720AD813000715C6C /* Resources */,
			);
			buildRules = (
			);
			dependencies = (
				3107497B20AD813000715C6C /* PBXTargetDependency */,
			);
			name = collectionViewTests;
			productName = collectionViewTests;
			productReference = 3107497920AD813000715C6C /* collectionViewTests.xctest */;
			productType = "com.apple.product-type.bundle.unit-test";
		};
		3107498320AD813000715C6C /* collectionViewUITests */ = {
			isa = PBXNativeTarget;
			buildConfigurationList = 3107499320AD813000715C6C /* Build configuration list for PBXNativeTarget "collectionViewUITests" */;
			buildPhases = (
				3107498020AD813000715C6C /* Sources */,
				3107498120AD813000715C6C /* Frameworks */,
				3107498220AD813000715C6C /* Resources */,
			);
			buildRules = (
			);
			dependencies = (
				3107498620AD813000715C6C /* PBXTargetDependency */,
			);
			name = collectionViewUITests;
			productName = collectionViewUITests;
			productReference = 3107498420AD813000715C6C /* collectionViewUITests.xctest */;
			productType = "com.apple.product-type.bundle.ui-testing";
		};
/* End PBXNativeTarget section */

/* Begin PBXProject section */
		3107495920AD811100715C6C /* Project object */ = {
			isa = PBXProject;
			attributes = {
				LastUpgradeCheck = 0930;
				ORGANIZATIONNAME = zmit;
				TargetAttributes = {
					3107496020AD811100715C6C = {
						CreatedOnToolsVersion = 9.3;
					};
					3107497820AD813000715C6C = {
						CreatedOnToolsVersion = 9.3;
						TestTargetID = 3107496020AD811100715C6C;
					};
					3107498320AD813000715C6C = {
						CreatedOnToolsVersion = 9.3;
						TestTargetID = 3107496020AD811100715C6C;
					};
				};
			};
			buildConfigurationList = 3107495C20AD811100715C6C /* Build configuration list for PBXProject "collectionView" */;
			compatibilityVersion = "Xcode 9.3";
			developmentRegion = en;
			hasScannedForEncodings = 0;
			knownRegions = (
				en,
				Base,
			);
			mainGroup = 3107495820AD811100715C6C;
			productRefGroup = 3107496220AD811100715C6C /* Products */;
			projectDirPath = "";
			projectRoot = "";
			targets = (
				3107496020AD811100715C6C /* collectionView */,
				3107497820AD813000715C6C /* collectionViewTests */,
				3107498320AD813000715C6C /* collectionViewUITests */,
			);
		};
/* End PBXProject section */

/* Begin PBXResourcesBuildPhase section */
		3107495F20AD811100715C6C /* Resources */ = {
			isa = PBXResourcesBuildPhase;
			buildActionMask = 2147483647;
			files = (
				3107497120AD812F00715C6C /* LaunchScreen.storyboard in Resources */,
				3107496E20AD812F00715C6C /* Assets.xcassets in Resources */,
				3107496C20AD811200715C6C /* Main.storyboard in Resources */,
			);
			runOnlyForDeploymentPostprocessing = 0;
		};
		3107497720AD813000715C6C /* Resources */ = {
			isa = PBXResourcesBuildPhase;
			buildActionMask = 2147483647;
			files = (
			);
			runOnlyForDeploymentPostprocessing = 0;
		};
		3107498220AD813000715C6C /* Resources */ = {
			isa = PBXResourcesBuildPhase;
			buildActionMask = 2147483647;
			files = (
			);
			runOnlyForDeploymentPostprocessing = 0;
		};
/* End PBXResourcesBuildPhase section */

/* Begin PBXSourcesBuildPhase section */
		3107495D20AD811100715C6C /* Sources */ = {
			isa = PBXSourcesBuildPhase;
			buildActionMask = 2147483647;
			files = (
				3107496920AD811200715C6C /* ViewController.m in Sources */,
				3107497420AD812F00715C6C /* main.m in Sources */,
				3107496620AD811200715C6C /* AppDelegate.m in Sources */,
			);
			runOnlyForDeploymentPostprocessing = 0;
		};
		3107497520AD813000715C6C /* Sources */ = {
			isa = PBXSourcesBuildPhase;
			buildActionMask = 2147483647;
			files = (
				3107497E20AD813000715C6C /* collectionViewTests.m in Sources */,
			);
			runOnlyForDeploymentPostprocessing = 0;
		};
		3107498020AD813000715C6C /* Sources */ = {
			isa = PBXSourcesBuildPhase;
			buildActionMask = 2147483647;
			files = (
				3107498920AD813000715C6C /* collectionViewUITests.m in Sources */,
			);
			runOnlyForDeploymentPostprocessing = 0;
		};
/* End PBXSourcesBuildPhase section */

/* Begin PBXTargetDependency section */
		3107497B20AD813000715C6C /* PBXTargetDependency */ = {
			isa = PBXTargetDependency;
			target = 3107496020AD811100715C6C /* collectionView */;
			targetProxy = 3107497A20AD813000715C6C /* PBXContainerItemProxy */;
		};
		3107498620AD813000715C6C /* PBXTargetDependency */ = {
			isa = PBXTargetDependency;
			target = 3107496020AD811100715C6C /* collectionView */;
			targetProxy = 3107498520AD813000715C6C /* PBXContainerItemProxy */;
		};
/* End PBXTargetDependency section */

/* Begin PBXVariantGroup section */
		3107496A20AD811200715C6C /* Main.storyboard */ = {
			isa = PBXVariantGroup;
			children = (
				3107496B20AD811200715C6C /* Base */,
			);
			name = Main.storyboard;
			sourceTree = "<group>";
		};
		3107496F20AD812F00715C6C /* LaunchScreen.storyboard */ = {
			isa = PBXVariantGroup;
			children = (
				3107497020AD812F00715C6C /* Base */,
			);
			name = LaunchScreen.storyboard;
			sourceTree = "<group>";
		};
/* End PBXVariantGroup section */

/* Begin XCBuildConfiguration section */
		3107498B20AD813000715C6C /* Debug */ = {
			isa = XCBuildConfiguration;
			buildSettings = {
				ALWAYS_SEARCH_USER_PATHS = NO;
				CLANG_ANALYZER_NONNULL = YES;
				CLANG_ANALYZER_NUMBER_OBJECT_CONVERSION = YES_AGGRESSIVE;
				CLANG_CXX_LANGUAGE_STANDARD = "gnu++14";
				CLANG_CXX_LIBRARY = "libc++";
				CLANG_ENABLE_MODULES = YES;
				CLANG_ENABLE_OBJC_ARC = YES;
				CLANG_ENABLE_OBJC_WEAK = YES;
				CLANG_WARN_BLOCK_CAPTURE_AUTORELEASING = YES;
				CLANG_WARN_BOOL_CONVERSION = YES;
				CLANG_WARN_COMMA = YES;
				CLANG_WARN_CONSTANT_CONVERSION = YES;
				CLANG_WARN_DEPRECATED_OBJC_IMPLEMENTATIONS = YES;
				CLANG_WARN_DIRECT_OBJC_ISA_USAGE = YES_ERROR;
				CLANG_WARN_DOCUMENTATION_COMMENTS = YES;
				CLANG_WARN_EMPTY_BODY = YES;
				CLANG_WARN_ENUM_CONVERSION = YES;
				CLANG_WARN_INFINITE_RECURSION = YES;
				CLANG_WARN_INT_CONVERSION = YES;
				CLANG_WARN_NON_LITERAL_NULL_CONVERSION = YES;
				CLANG_WARN_OBJC_IMPLICIT_RETAIN_SELF = YES;
				CLANG_WARN_OBJC_LITERAL_CONVERSION = YES;
				CLANG_WARN_OBJC_ROOT_CLASS = YES_ERROR;
				CLANG_WARN_RANGE_LOOP_ANALYSIS = YES;
				CLANG_WARN_STRICT_PROTOTYPES = YES;
				CLANG_WARN_SUSPICIOUS_MOVE = YES;
				CLANG_WARN_UNGUARDED_AVAILABILITY = YES_AGGRESSIVE;
				CLANG_WARN_UNREACHABLE_CODE = YES;
				CLANG_WARN__DUPLICATE_METHOD_MATCH = YES;
				CODE_SIGN_IDENTITY = "iPhone Developer";
				COPY_PHASE_STRIP = NO;
				DEBUG_INFORMATION_FORMAT = dwarf;
				ENABLE_STRICT_OBJC_MSGSEND = YES;
				ENABLE_TESTABILITY = YES;
				GCC_C_LANGUAGE_STANDARD = gnu11;
				GCC_DYNAMIC_NO_PIC = NO;
				GCC_NO_COMMON_BLOCKS = YES;
				GCC_OPTIMIZATION_LEVEL = 0;
				GCC_PREPROCESSOR_DEFINITIONS = (
					"DEBUG=1",
					"$(inherited)",
				);
				GCC_WARN_64_TO_32_BIT_CONVERSION = YES;
				GCC_WARN_ABOUT_RETURN_TYPE = YES_ERROR;
				GCC_WARN_UNDECLARED_SELECTOR = YES;
				GCC_WARN_UNINITIALIZED_AUTOS = YES_AGGRESSIVE;
				GCC_WARN_UNUSED_FUNCTION = YES;
				GCC_WARN_UNUSED_VARIABLE = YES;
				IPHONEOS_DEPLOYMENT_TARGET = 11.3;
				MTL_ENABLE_DEBUG_INFO = YES;
				ONLY_ACTIVE_ARCH = YES;
				SDKROOT = iphoneos;
			};
			name = Debug;
		};
		3107498C20AD813000715C6C /* Release */ = {
			isa = XCBuildConfiguration;
			buildSettings = {
				ALWAYS_SEARCH_USER_PATHS = NO;
				CLANG_ANALYZER_NONNULL = YES;
				CLANG_ANALYZER_NUMBER_OBJECT_CONVERSION = YES_AGGRESSIVE;
				CLANG_CXX_LANGUAGE_STANDARD = "gnu++14";
				CLANG_CXX_LIBRARY = "libc++";
				CLANG_ENABLE_MODULES = YES;
				CLANG_ENABLE_OBJC_ARC = YES;
				CLANG_ENABLE_OBJC_WEAK = YES;
				CLANG_WARN_BLOCK_CAPTURE_AUTORELEASING = YES;
				CLANG_WARN_BOOL_CONVERSION = YES;
				CLANG_WARN_COMMA = YES;
				CLANG_WARN_CONSTANT_CONVERSION = YES;
				CLANG_WARN_DEPRECATED_OBJC_IMPLEMENTATIONS = YES;
				CLANG_WARN_DIRECT_OBJC_ISA_USAGE = YES_ERROR;
				CLANG_WARN_DOCUMENTATION_COMMENTS = YES;
				CLANG_WARN_EMPTY_BODY = YES;
				CLANG_WARN_ENUM_CONVERSION = YES;
				CLANG_WARN_INFINITE_RECURSION = YES;
				CLANG_WARN_INT_CONVERSION = YES;
				CLANG_WARN_NON_LITERAL_NULL_CONVERSION = YES;
				CLANG_WARN_OBJC_IMPLICIT_RETAIN_SELF = YES;
				CLANG_WARN_OBJC_LITERAL_CONVERSION = YES;
				CLANG_WARN_OBJC_ROOT_CLASS = YES_ERROR;
				CLANG_WARN_RANGE_LOOP_ANALYSIS = YES;
				CLANG_WARN_STRICT_PROTOTYPES = YES;
				CLANG_WARN_SUSPICIOUS_MOVE = YES;
				CLANG_WARN_UNGUARDED_AVAILABILITY = YES_AGGRESSIVE;
				CLANG_WARN_UNREACHABLE_CODE = YES;
				CLANG_WARN__DUPLICATE_METHOD_MATCH = YES;
				CODE_SIGN_IDENTITY = "iPhone Developer";
				COPY_PHASE_STRIP = NO;
				DEBUG_INFORMATION_FORMAT = "dwarf-with-dsym";
				ENABLE_NS_ASSERTIONS = NO;
				ENABLE_STRICT_OBJC_MSGSEND = YES;
				GCC_C_LANGUAGE_STANDARD = gnu11;
				GCC_NO_COMMON_BLOCKS = YES;
				GCC_WARN_64_TO_32_BIT_CONVERSION = YES;
				GCC_WARN_ABOUT_RETURN_TYPE = YES_ERROR;
				GCC_WARN_UNDECLARED_SELECTOR = YES;
				GCC_WARN_UNINITIALIZED_AUTOS = YES_AGGRESSIVE;
				GCC_WARN_UNUSED_FUNCTION = YES;
				GCC_WARN_UNUSED_VARIABLE = YES;
				IPHONEOS_DEPLOYMENT_TARGET = 11.3;
				MTL_ENABLE_DEBUG_INFO = NO;
				SDKROOT = iphoneos;
				VALIDATE_PRODUCT = YES;
			};
			name = Release;
		};
		3107498E20AD813000715C6C /* Debug */ = {
			isa = XCBuildConfiguration;
			buildSettings = {
				ASSETCATALOG_COMPILER_APPICON_NAME = AppIcon;
				CODE_SIGN_STYLE = Automatic;
				INFOPLIST_FILE = collectionView/Info.plist;
				LD_RUNPATH_SEARCH_PATHS = (
					"$(inherited)",
					"@executable_path/Frameworks",
				);
				PRODUCT_BUNDLE_IDENTIFIER = com.zmit.collectionView;
				PRODUCT_NAME = "$(TARGET_NAME)";
				TARGETED_DEVICE_FAMILY = "1,2";
			};
			name = Debug;
		};
		3107498F20AD813000715C6C /* Release */ = {
			isa = XCBuildConfiguration;
			buildSettings = {
				ASSETCATALOG_COMPILER_APPICON_NAME = AppIcon;
				CODE_SIGN_STYLE = Automatic;
				INFOPLIST_FILE = collectionView/Info.plist;
				LD_RUNPATH_SEARCH_PATHS = (
					"$(inherited)",
					"@executable_path/Frameworks",
				);
				PRODUCT_BUNDLE_IDENTIFIER = com.zmit.collectionView;
				PRODUCT_NAME = "$(TARGET_NAME)";
				TARGETED_DEVICE_FAMILY = "1,2";
			};
			name = Release;
		};
		3107499120AD813000715C6C /* Debug */ = {
			isa = XCBuildConfiguration;
			buildSettings = {
				BUNDLE_LOADER = "$(TEST_HOST)";
				CODE_SIGN_STYLE = Automatic;
				INFOPLIST_FILE = collectionViewTests/Info.plist;
				LD_RUNPATH_SEARCH_PATHS = (
					"$(inherited)",
					"@executable_path/Frameworks",
					"@loader_path/Frameworks",
				);
				PRODUCT_BUNDLE_IDENTIFIER = com.zmit.collectionViewTests;
				PRODUCT_NAME = "$(TARGET_NAME)";
				TARGETED_DEVICE_FAMILY = "1,2";
				TEST_HOST = "$(BUILT_PRODUCTS_DIR)/collectionView.app/collectionView";
			};
			name = Debug;
		};
		3107499220AD813000715C6C /* Release */ = {
			isa = XCBuildConfiguration;
			buildSettings = {
				BUNDLE_LOADER = "$(TEST_HOST)";
				CODE_SIGN_STYLE = Automatic;
				INFOPLIST_FILE = collectionViewTests/Info.plist;
				LD_RUNPATH_SEARCH_PATHS = (
					"$(inherited)",
					"@executable_path/Frameworks",
					"@loader_path/Frameworks",
				);
				PRODUCT_BUNDLE_IDENTIFIER = com.zmit.collectionViewTests;
				PRODUCT_NAME = "$(TARGET_NAME)";
				TARGETED_DEVICE_FAMILY = "1,2";
				TEST_HOST = "$(BUILT_PRODUCTS_DIR)/collectionView.app/collectionView";
			};
			name = Release;
		};
		3107499420AD813000715C6C /* Debug */ = {
			isa = XCBuildConfiguration;
			buildSettings = {
				CODE_SIGN_STYLE = Automatic;
				INFOPLIST_FILE = collectionViewUITests/Info.plist;
				LD_RUNPATH_SEARCH_PATHS = (
					"$(inherited)",
					"@executable_path/Frameworks",
					"@loader_path/Frameworks",
				);
				PRODUCT_BUNDLE_IDENTIFIER = com.zmit.collectionViewUITests;
				PRODUCT_NAME = "$(TARGET_NAME)";
				TARGETED_DEVICE_FAMILY = "1,2";
				TEST_TARGET_NAME = collectionView;
			};
			name = Debug;
		};
		3107499520AD813000715C6C /* Release */ = {
			isa = XCBuildConfiguration;
			buildSettings = {
				CODE_SIGN_STYLE = Automatic;
				INFOPLIST_FILE = collectionViewUITests/Info.plist;
				LD_RUNPATH_SEARCH_PATHS = (
					"$(inherited)",
					"@executable_path/Frameworks",
					"@loader_path/Frameworks",
				);
				PRODUCT_BUNDLE_IDENTIFIER = com.zmit.collectionViewUITests;
				PRODUCT_NAME = "$(TARGET_NAME)";
				TARGETED_DEVICE_FAMILY = "1,2";
				TEST_TARGET_NAME = collectionView;
			};
			name = Release;
		};
/* End XCBuildConfiguration section */

/* Begin XCConfigurationList section */
		3107495C20AD811100715C6C /* Build configuration list for PBXProject "collectionView" */ = {
			isa = XCConfigurationList;
			buildConfigurations = (
				3107498B20AD813000715C6C /* Debug */,
				3107498C20AD813000715C6C /* Release */,
			);
			defaultConfigurationIsVisible = 0;
			defaultConfigurationName = Release;
		};
		3107498D20AD813000715C6C /* Build configuration list for PBXNativeTarget "collectionView" */ = {
			isa = XCConfigurationList;
			buildConfigurations = (
				3107498E20AD813000715C6C /* Debug */,
				3107498F20AD813000715C6C /* Release */,
			);
			defaultConfigurationIsVisible = 0;
			defaultConfigurationName = Release;
		};
		3107499020AD813000715C6C /* Build configuration list for PBXNativeTarget "collectionViewTests" */ = {
			isa = XCConfigurationList;
			buildConfigurations = (
				3107499120AD813000715C6C /* Debug */,
				3107499220AD813000715C6C /* Release */,
			);
			defaultConfigurationIsVisible = 0;
			defaultConfigurationName = Release;
		};
		3107499320AD813000715C6C /* Build configuration list for PBXNativeTarget "collectionViewUITests" */ = {
			isa = XCConfigurationList;
			buildConfigurations = (
				3107499420AD813000715C6C /* Debug */,
				3107499520AD813000715C6C /* Release */,
			);
			defaultConfigurationIsVisible = 0;
			defaultConfigurationName = Release;
		};
/* End XCConfigurationList section */
	};
	rootObject = 3107495920AD811100715C6C /* Project object */;
}
